
Microsoft Visual Studio Solution File, Format Version 12.00
# Visual Studio Version 17
VisualStudioVersion = 17.7.34009.444
MinimumVisualStudioVersion = 10.0.40219.1
Project("{FAE04EC0-301F-11D3-BF4B-00C04F79EFBC}") = "Anket_2", "Anket_2\Anket_2.csproj", "{B1071316-E112-42B9-B699-21ADD1A6DC02}"
EndProject
Global
	GlobalSection(SolutionConfigurationPlatforms) = preSolution
		Debug|Any CPU = Debug|Any CPU
		Release|Any CPU = Release|Any CPU
	EndGlobalSection
	GlobalSection(ProjectConfigurationPlatforms) = postSolution
		{B1071316-E112-42B9-B699-21ADD1A6DC02}.Debug|Any CPU.ActiveCfg = Debug|Any CPU
		{B1071316-E112-42B9-B699-21ADD1A6DC02}.Debug|Any CPU.Build.0 = Debug|Any CPU
		{B1071316-E112-42B9-B699-21ADD1A6DC02}.Release|Any CPU.ActiveCfg = Release|Any CPU
		{B1071316-E112-42B9-B699-21ADD1A6DC02}.Release|Any CPU.Build.0 = Release|Any CPU
	EndGlobalSection
	GlobalSection(SolutionProperties) = preSolution
		HideSolutionNode = FALSE
	EndGlobalSection
	GlobalSection(ExtensibilityGlobals) = postSolution
		SolutionGuid = {66C7E864-4443-412F-B8F8-8131A1B2814F}
	EndGlobalSection
EndGlobal
